{
    "_readme": [
        "This file locks the dependencies of your project to a known state",
        "Read more about it at https://getcomposer.org/doc/01-basic-usage.md#installing-dependencies",
        "This file is @generated automatically"
    ],
    "content-hash": "6f122ef08b51f75c875e5fffc551535e",
    "packages": [
        {
            "name": "pw/backend-ui",
            "version": "v1.4.1",
            "source": {
                "type": "git",
                "url": "https://github.com/Pezweb-Design-Studio/pw-backend-ui.git",
                "reference": "7ab75350d01a5d2e21eb3d920c2cadaf2d7351fb"
            },
            "dist": {
                "type": "zip",
                "url": "https://api.github.com/repos/Pezweb-Design-Studio/pw-backend-ui/zipball/7ab75350d01a5d2e21eb3d920c2cadaf2d7351fb",
                "reference": "7ab75350d01a5d2e21eb3d920c2cadaf2d7351fb",
                "shasum": ""
            },
            "require": {
                "php": ">=8.0"
            },
            "type": "library",
            "autoload": {
                "psr-4": {
                    "PW\\BackendUI\\": "src/"
                }
            },
            "license": [
                "GPL-2.0-or-later"
            ],
            "description": "Design system for WordPress admin plugin pages — layout, buttons, inputs, cards, tabs, and more. Powered by Tailwind CSS 4.",
            "support": {
                "source": "https://github.com/Pezweb-Design-Studio/pw-backend-ui/tree/v1.4.1",
                "issues": "https://github.com/Pezweb-Design-Studio/pw-backend-ui/issues"
            },
            "time": "2026-03-29T01:59:19+00:00"
        }
    ],
    "packages-dev": [],
    "aliases": [],
    "minimum-stability": "stable",
    "stability-flags": {},
    "prefer-stable": false,
    "prefer-lowest": false,
    "platform": {
        "php": ">=8.0"
    },
    "platform-dev": {},
    "plugin-api-version": "2.6.0"
}
