{
    "_readme": [
        "This file locks the dependencies of your project to a known state",
        "Read more about it at https://getcomposer.org/doc/01-basic-usage.md#installing-dependencies",
        "This file is @generated automatically"
    ],
    "content-hash": "588e515c6f7b84d78235236f29a2a196",
    "packages": [
        {
            "name": "pw/backend-ui",
            "version": "dev-main",
            "source": {
                "type": "git",
                "url": "https://github.com/Pezweb-Design-Studio/pw-backend-ui.git",
                "reference": "00adc8bbcff939adab37c0dbc874029034aac82c"
            },
            "dist": {
                "type": "zip",
                "url": "https://api.github.com/repos/Pezweb-Design-Studio/pw-backend-ui/zipball/00adc8bbcff939adab37c0dbc874029034aac82c",
                "reference": "00adc8bbcff939adab37c0dbc874029034aac82c",
                "shasum": ""
            },
            "require": {
                "php": ">=8.0"
            },
            "default-branch": true,
            "type": "library",
            "autoload": {
                "psr-4": {
                    "PW\\BackendUI\\": "src/"
                }
            },
            "license": [
                "GPL-2.0-or-later"
            ],
            "description": "Design system for WordPress admin plugin pages — layout, buttons, inputs, cards, tabs, and more. Powered by Tailwind CSS 4.",
            "support": {
                "source": "https://github.com/Pezweb-Design-Studio/pw-backend-ui/tree/main",
                "issues": "https://github.com/Pezweb-Design-Studio/pw-backend-ui/issues"
            },
            "time": "2026-04-07T04:18:32+00:00"
        }
    ],
    "packages-dev": [],
    "aliases": [],
    "minimum-stability": "stable",
    "stability-flags": {
        "pw/backend-ui": 20
    },
    "prefer-stable": false,
    "prefer-lowest": false,
    "platform": {
        "php": ">=8.0"
    },
    "platform-dev": {},
    "plugin-api-version": "2.6.0"
}
